
Microsoft Visual Studio Solution File, Format Version 12.00
# Visual Studio Version 17
VisualStudioVersion = 17.10.35122.118
MinimumVisualStudioVersion = 10.0.40219.1
Project("{FAE04EC0-301F-11D3-BF4B-00C04F79EFBC}") = "AgainTrial", "AgainTrial.csproj", "{D9FCEE37-36FB-4D6D-9398-C591EA119E9C}"
EndProject
Global
	GlobalSection(SolutionConfigurationPlatforms) = preSolution
		Debug|Any CPU = Debug|Any CPU
		Release|Any CPU = Release|Any CPU
	EndGlobalSection
	GlobalSection(ProjectConfigurationPlatforms) = postSolution
		{D9FCEE37-36FB-4D6D-9398-C591EA119E9C}.Debug|Any CPU.ActiveCfg = Debug|Any CPU
		{D9FCEE37-36FB-4D6D-9398-C591EA119E9C}.Debug|Any CPU.Build.0 = Debug|Any CPU
		{D9FCEE37-36FB-4D6D-9398-C591EA119E9C}.Release|Any CPU.ActiveCfg = Release|Any CPU
		{D9FCEE37-36FB-4D6D-9398-C591EA119E9C}.Release|Any CPU.Build.0 = Release|Any CPU
	EndGlobalSection
	GlobalSection(SolutionProperties) = preSolution
		HideSolutionNode = FALSE
	EndGlobalSection
	GlobalSection(ExtensibilityGlobals) = postSolution
		SolutionGuid = {D7A5C368-5B81-49B5-94DF-679F5DB6E55D}
	EndGlobalSection
EndGlobal
